
Microsoft Visual Studio Solution File, Format Version 12.00
# Visual Studio 15
VisualStudioVersion = 15.0.27004.2006
MinimumVisualStudioVersion = 10.0.40219.1
Project("{8BC9CEB8-8B4A-11D0-8D11-00A0C91BC942}") = "Bjarne PPP - CH 4 Ex. 6", "Bjarne PPP - CH 4 Ex. 6\Bjarne PPP - CH 4 Ex. 6.vcxproj", "{07F29E0F-A0DA-4A35-8619-73FCDAB7572A}"
EndProject
Global
	GlobalSection(SolutionConfigurationPlatforms) = preSolution
		Debug|x64 = Debug|x64
		Debug|x86 = Debug|x86
		Release|x64 = Release|x64
		Release|x86 = Release|x86
	EndGlobalSection
	GlobalSection(ProjectConfigurationPlatforms) = postSolution
		{07F29E0F-A0DA-4A35-8619-73FCDAB7572A}.Debug|x64.ActiveCfg = Debug|x64
		{07F29E0F-A0DA-4A35-8619-73FCDAB7572A}.Debug|x64.Build.0 = Debug|x64
		{07F29E0F-A0DA-4A35-8619-73FCDAB7572A}.Debug|x86.ActiveCfg = Debug|Win32
		{07F29E0F-A0DA-4A35-8619-73FCDAB7572A}.Debug|x86.Build.0 = Debug|Win32
		{07F29E0F-A0DA-4A35-8619-73FCDAB7572A}.Release|x64.ActiveCfg = Release|x64
		{07F29E0F-A0DA-4A35-8619-73FCDAB7572A}.Release|x64.Build.0 = Release|x64
		{07F29E0F-A0DA-4A35-8619-73FCDAB7572A}.Release|x86.ActiveCfg = Release|Win32
		{07F29E0F-A0DA-4A35-8619-73FCDAB7572A}.Release|x86.Build.0 = Release|Win32
	EndGlobalSection
	GlobalSection(SolutionProperties) = preSolution
		HideSolutionNode = FALSE
	EndGlobalSection
	GlobalSection(ExtensibilityGlobals) = postSolution
		SolutionGuid = {610A2AA8-1634-4676-A672-A67F6B8F4FAE}
	EndGlobalSection
EndGlobal
